
Microsoft Visual Studio Solution File, Format Version 12.00
# Visual Studio 14
VisualStudioVersion = 14.0.25420.1
MinimumVisualStudioVersion = 10.0.40219.1
Project("{D954291E-2A0B-460D-934E-DC6B0785DB48}") = "AppBombardelli", "AppBombardelli\AppBombardelli\AppBombardelli.shproj", "{D42528B7-5212-4A48-92D2-BC6ED040D3D6}"
EndProject
Project("{FAE04EC0-301F-11D3-BF4B-00C04F79EFBC}") = "AppBombardelli.Droid", "AppBombardelli\AppBombardelli.Droid\AppBombardelli.Droid.csproj", "{439698D5-B219-4FEF-9E88-E1A89ABC1A7F}"
EndProject
Project("{FAE04EC0-301F-11D3-BF4B-00C04F79EFBC}") = "AppBombardelli.iOS", "AppBombardelli\AppBombardelli.iOS\AppBombardelli.iOS.csproj", "{CAF6E5B2-D513-445F-A3D5-3A19687E0696}"
EndProject
Project("{FAE04EC0-301F-11D3-BF4B-00C04F79EFBC}") = "AppBombardelli.WinPhone", "AppBombardelli\AppBombardelli.WinPhone\AppBombardelli.WinPhone.csproj", "{3A05923A-1D32-4520-915C-9D0A747BCFFF}"
EndProject
Project("{FAE04EC0-301F-11D3-BF4B-00C04F79EFBC}") = "AppBombardelli.UWP", "AppBombardelli\AppBombardelli.UWP\AppBombardelli.UWP.csproj", "{D648D712-ED27-4FCE-9103-45356062D046}"
EndProject
Project("{FAE04EC0-301F-11D3-BF4B-00C04F79EFBC}") = "AppBombardelli.Windows", "AppBombardelli\AppBombardelli.Windows\AppBombardelli.Windows.csproj", "{FB4C599A-B986-42AF-83EA-60157D823054}"
EndProject
Global
	GlobalSection(SharedMSBuildProjectFiles) = preSolution
		AppBombardelli\AppBombardelli\AppBombardelli.projitems*{439698d5-b219-4fef-9e88-e1a89abc1a7f}*SharedItemsImports = 4
		AppBombardelli\AppBombardelli\AppBombardelli.projitems*{caf6e5b2-d513-445f-a3d5-3a19687e0696}*SharedItemsImports = 4
		AppBombardelli\AppBombardelli\AppBombardelli.projitems*{d42528b7-5212-4a48-92d2-bc6ed040d3d6}*SharedItemsImports = 13
	EndGlobalSection
	GlobalSection(SolutionConfigurationPlatforms) = preSolution
		Ad-Hoc|Any CPU = Ad-Hoc|Any CPU
		Ad-Hoc|ARM = Ad-Hoc|ARM
		Ad-Hoc|iPhone = Ad-Hoc|iPhone
		Ad-Hoc|iPhoneSimulator = Ad-Hoc|iPhoneSimulator
		Ad-Hoc|x64 = Ad-Hoc|x64
		Ad-Hoc|x86 = Ad-Hoc|x86
		AppStore|Any CPU = AppStore|Any CPU
		AppStore|ARM = AppStore|ARM
		AppStore|iPhone = AppStore|iPhone
		AppStore|iPhoneSimulator = AppStore|iPhoneSimulator
		AppStore|x64 = AppStore|x64
		AppStore|x86 = AppStore|x86
		Debug|Any CPU = Debug|Any CPU
		Debug|ARM = Debug|ARM
		Debug|iPhone = Debug|iPhone
		Debug|iPhoneSimulator = Debug|iPhoneSimulator
		Debug|x64 = Debug|x64
		Debug|x86 = Debug|x86
		Release|Any CPU = Release|Any CPU
		Release|ARM = Release|ARM
		Release|iPhone = Release|iPhone
		Release|iPhoneSimulator = Release|iPhoneSimulator
		Release|x64 = Release|x64
		Release|x86 = Release|x86
	EndGlobalSection
	GlobalSection(ProjectConfigurationPlatforms) = postSolution
		{439698D5-B219-4FEF-9E88-E1A89ABC1A7F}.Ad-Hoc|Any CPU.ActiveCfg = Release|Any CPU
		{439698D5-B219-4FEF-9E88-E1A89ABC1A7F}.Ad-Hoc|Any CPU.Build.0 = Release|Any CPU
		{439698D5-B219-4FEF-9E88-E1A89ABC1A7F}.Ad-Hoc|Any CPU.Deploy.0 = Release|Any CPU
		{439698D5-B219-4FEF-9E88-E1A89ABC1A7F}.Ad-Hoc|ARM.ActiveCfg = Release|Any CPU
		{439698D5-B219-4FEF-9E88-E1A89ABC1A7F}.Ad-Hoc|ARM.Build.0 = Release|Any CPU
		{439698D5-B219-4FEF-9E88-E1A89ABC1A7F}.Ad-Hoc|ARM.Deploy.0 = Release|Any CPU
		{439698D5-B219-4FEF-9E88-E1A89ABC1A7F}.Ad-Hoc|iPhone.ActiveCfg = Release|Any CPU
		{439698D5-B219-4FEF-9E88-E1A89ABC1A7F}.Ad-Hoc|iPhone.Build.0 = Release|Any CPU
		{439698D5-B219-4FEF-9E88-E1A89ABC1A7F}.Ad-Hoc|iPhone.Deploy.0 = Release|Any CPU
		{439698D5-B219-4FEF-9E88-E1A89ABC1A7F}.Ad-Hoc|iPhoneSimulator.ActiveCfg = Release|Any CPU
		{439698D5-B219-4FEF-9E88-E1A89ABC1A7F}.Ad-Hoc|iPhoneSimulator.Build.0 = Release|Any CPU
		{439698D5-B219-4FEF-9E88-E1A89ABC1A7F}.Ad-Hoc|iPhoneSimulator.Deploy.0 = Release|Any CPU
		{439698D5-B219-4FEF-9E88-E1A89ABC1A7F}.Ad-Hoc|x64.ActiveCfg = Release|Any CPU
		{439698D5-B219-4FEF-9E88-E1A89ABC1A7F}.Ad-Hoc|x64.Build.0 = Release|Any CPU
		{439698D5-B219-4FEF-9E88-E1A89ABC1A7F}.Ad-Hoc|x64.Deploy.0 = Release|Any CPU
		{439698D5-B219-4FEF-9E88-E1A89ABC1A7F}.Ad-Hoc|x86.ActiveCfg = Release|Any CPU
		{439698D5-B219-4FEF-9E88-E1A89ABC1A7F}.Ad-Hoc|x86.Build.0 = Release|Any CPU
		{439698D5-B219-4FEF-9E88-E1A89ABC1A7F}.Ad-Hoc|x86.Deploy.0 = Release|Any CPU
		{439698D5-B219-4FEF-9E88-E1A89ABC1A7F}.AppStore|Any CPU.ActiveCfg = Release|Any CPU
		{439698D5-B219-4FEF-9E88-E1A89ABC1A7F}.AppStore|Any CPU.Build.0 = Release|Any CPU
		{439698D5-B219-4FEF-9E88-E1A89ABC1A7F}.AppStore|Any CPU.Deploy.0 = Release|Any CPU
		{439698D5-B219-4FEF-9E88-E1A89ABC1A7F}.AppStore|ARM.ActiveCfg = Release|Any CPU
		{439698D5-B219-4FEF-9E88-E1A89ABC1A7F}.AppStore|ARM.Build.0 = Release|Any CPU
		{439698D5-B219-4FEF-9E88-E1A89ABC1A7F}.AppStore|ARM.Deploy.0 = Release|Any CPU
		{439698D5-B219-4FEF-9E88-E1A89ABC1A7F}.AppStore|iPhone.ActiveCfg = Release|Any CPU
		{439698D5-B219-4FEF-9E88-E1A89ABC1A7F}.AppStore|iPhone.Build.0 = Release|Any CPU
		{439698D5-B219-4FEF-9E88-E1A89ABC1A7F}.AppStore|iPhone.Deploy.0 = Release|Any CPU
		{439698D5-B219-4FEF-9E88-E1A89ABC1A7F}.AppStore|iPhoneSimulator.ActiveCfg = Release|Any CPU
		{439698D5-B219-4FEF-9E88-E1A89ABC1A7F}.AppStore|iPhoneSimulator.Build.0 = Release|Any CPU
		{439698D5-B219-4FEF-9E88-E1A89ABC1A7F}.AppStore|iPhoneSimulator.Deploy.0 = Release|Any CPU
		{439698D5-B219-4FEF-9E88-E1A89ABC1A7F}.AppStore|x64.ActiveCfg = Release|Any CPU
		{439698D5-B219-4FEF-9E88-E1A89ABC1A7F}.AppStore|x64.Build.0 = Release|Any CPU
		{439698D5-B219-4FEF-9E88-E1A89ABC1A7F}.AppStore|x64.Deploy.0 = Release|Any CPU
		{439698D5-B219-4FEF-9E88-E1A89ABC1A7F}.AppStore|x86.ActiveCfg = Release|Any CPU
		{439698D5-B219-4FEF-9E88-E1A89ABC1A7F}.AppStore|x86.Build.0 = Release|Any CPU
		{439698D5-B219-4FEF-9E88-E1A89ABC1A7F}.AppStore|x86.Deploy.0 = Release|Any CPU
		{439698D5-B219-4FEF-9E88-E1A89ABC1A7F}.Debug|Any CPU.ActiveCfg = Debug|Any CPU
		{439698D5-B219-4FEF-9E88-E1A89ABC1A7F}.Debug|Any CPU.Build.0 = Debug|Any CPU
		{439698D5-B219-4FEF-9E88-E1A89ABC1A7F}.Debug|Any CPU.Deploy.0 = Debug|Any CPU
		{439698D5-B219-4FEF-9E88-E1A89ABC1A7F}.Debug|ARM.ActiveCfg = Debug|Any CPU
		{439698D5-B219-4FEF-9E88-E1A89ABC1A7F}.Debug|ARM.Build.0 = Debug|Any CPU
		{439698D5-B219-4FEF-9E88-E1A89ABC1A7F}.Debug|ARM.Deploy.0 = Debug|Any CPU
		{439698D5-B219-4FEF-9E88-E1A89ABC1A7F}.Debug|iPhone.ActiveCfg = Debug|Any CPU
		{439698D5-B219-4FEF-9E88-E1A89ABC1A7F}.Debug|iPhone.Build.0 = Debug|Any CPU
		{439698D5-B219-4FEF-9E88-E1A89ABC1A7F}.Debug|iPhone.Deploy.0 = Debug|Any CPU
		{439698D5-B219-4FEF-9E88-E1A89ABC1A7F}.Debug|iPhoneSimulator.ActiveCfg = Debug|Any CPU
		{439698D5-B219-4FEF-9E88-E1A89ABC1A7F}.Debug|iPhoneSimulator.Build.0 = Debug|Any CPU
		{439698D5-B219-4FEF-9E88-E1A89ABC1A7F}.Debug|iPhoneSimulator.Deploy.0 = Debug|Any CPU
		{439698D5-B219-4FEF-9E88-E1A89ABC1A7F}.Debug|x64.ActiveCfg = Debug|Any CPU
		{439698D5-B219-4FEF-9E88-E1A89ABC1A7F}.Debug|x64.Build.0 = Debug|Any CPU
		{439698D5-B219-4FEF-9E88-E1A89ABC1A7F}.Debug|x64.Deploy.0 = Debug|Any CPU
		{439698D5-B219-4FEF-9E88-E1A89ABC1A7F}.Debug|x86.ActiveCfg = Debug|Any CPU
		{439698D5-B219-4FEF-9E88-E1A89ABC1A7F}.Debug|x86.Build.0 = Debug|Any CPU
		{439698D5-B219-4FEF-9E88-E1A89ABC1A7F}.Debug|x86.Deploy.0 = Debug|Any CPU
		{439698D5-B219-4FEF-9E88-E1A89ABC1A7F}.Release|Any CPU.ActiveCfg = Release|Any CPU
		{439698D5-B219-4FEF-9E88-E1A89ABC1A7F}.Release|Any CPU.Build.0 = Release|Any CPU
		{439698D5-B219-4FEF-9E88-E1A89ABC1A7F}.Release|Any CPU.Deploy.0 = Release|Any CPU
		{439698D5-B219-4FEF-9E88-E1A89ABC1A7F}.Release|ARM.ActiveCfg = Release|Any CPU
		{439698D5-B219-4FEF-9E88-E1A89ABC1A7F}.Release|ARM.Build.0 = Release|Any CPU
		{439698D5-B219-4FEF-9E88-E1A89ABC1A7F}.Release|ARM.Deploy.0 = Release|Any CPU
		{439698D5-B219-4FEF-9E88-E1A89ABC1A7F}.Release|iPhone.ActiveCfg = Release|Any CPU
		{439698D5-B219-4FEF-9E88-E1A89ABC1A7F}.Release|iPhone.Build.0 = Release|Any CPU
		{439698D5-B219-4FEF-9E88-E1A89ABC1A7F}.Release|iPhone.Deploy.0 = Release|Any CPU
		{439698D5-B219-4FEF-9E88-E1A89ABC1A7F}.Release|iPhoneSimulator.ActiveCfg = Release|Any CPU
		{439698D5-B219-4FEF-9E88-E1A89ABC1A7F}.Release|iPhoneSimulator.Build.0 = Release|Any CPU
		{439698D5-B219-4FEF-9E88-E1A89ABC1A7F}.Release|iPhoneSimulator.Deploy.0 = Release|Any CPU
		{439698D5-B219-4FEF-9E88-E1A89ABC1A7F}.Release|x64.ActiveCfg = Release|Any CPU
		{439698D5-B219-4FEF-9E88-E1A89ABC1A7F}.Release|x64.Build.0 = Release|Any CPU
		{439698D5-B219-4FEF-9E88-E1A89ABC1A7F}.Release|x64.Deploy.0 = Release|Any CPU
		{439698D5-B219-4FEF-9E88-E1A89ABC1A7F}.Release|x86.ActiveCfg = Release|Any CPU
		{439698D5-B219-4FEF-9E88-E1A89ABC1A7F}.Release|x86.Build.0 = Release|Any CPU
		{439698D5-B219-4FEF-9E88-E1A89ABC1A7F}.Release|x86.Deploy.0 = Release|Any CPU
		{CAF6E5B2-D513-445F-A3D5-3A19687E0696}.Ad-Hoc|Any CPU.ActiveCfg = Ad-Hoc|iPhone
		{CAF6E5B2-D513-445F-A3D5-3A19687E0696}.Ad-Hoc|ARM.ActiveCfg = Ad-Hoc|iPhone
		{CAF6E5B2-D513-445F-A3D5-3A19687E0696}.Ad-Hoc|iPhone.ActiveCfg = Ad-Hoc|iPhone
		{CAF6E5B2-D513-445F-A3D5-3A19687E0696}.Ad-Hoc|iPhone.Build.0 = Ad-Hoc|iPhone
		{CAF6E5B2-D513-445F-A3D5-3A19687E0696}.Ad-Hoc|iPhoneSimulator.ActiveCfg = Ad-Hoc|iPhoneSimulator
		{CAF6E5B2-D513-445F-A3D5-3A19687E0696}.Ad-Hoc|iPhoneSimulator.Build.0 = Ad-Hoc|iPhoneSimulator
		{CAF6E5B2-D513-445F-A3D5-3A19687E0696}.Ad-Hoc|x64.ActiveCfg = Ad-Hoc|iPhone
		{CAF6E5B2-D513-445F-A3D5-3A19687E0696}.Ad-Hoc|x86.ActiveCfg = Ad-Hoc|iPhone
		{CAF6E5B2-D513-445F-A3D5-3A19687E0696}.AppStore|Any CPU.ActiveCfg = AppStore|iPhone
		{CAF6E5B2-D513-445F-A3D5-3A19687E0696}.AppStore|ARM.ActiveCfg = AppStore|iPhone
		{CAF6E5B2-D513-445F-A3D5-3A19687E0696}.AppStore|iPhone.ActiveCfg = AppStore|iPhone
		{CAF6E5B2-D513-445F-A3D5-3A19687E0696}.AppStore|iPhone.Build.0 = AppStore|iPhone
		{CAF6E5B2-D513-445F-A3D5-3A19687E0696}.AppStore|iPhoneSimulator.ActiveCfg = AppStore|iPhoneSimulator
		{CAF6E5B2-D513-445F-A3D5-3A19687E0696}.AppStore|iPhoneSimulator.Build.0 = AppStore|iPhoneSimulator
		{CAF6E5B2-D513-445F-A3D5-3A19687E0696}.AppStore|x64.ActiveCfg = AppStore|iPhone
		{CAF6E5B2-D513-445F-A3D5-3A19687E0696}.AppStore|x86.ActiveCfg = AppStore|iPhone
		{CAF6E5B2-D513-445F-A3D5-3A19687E0696}.Debug|Any CPU.ActiveCfg = Debug|iPhone
		{CAF6E5B2-D513-445F-A3D5-3A19687E0696}.Debug|ARM.ActiveCfg = Debug|iPhone
		{CAF6E5B2-D513-445F-A3D5-3A19687E0696}.Debug|iPhone.ActiveCfg = Debug|iPhone
		{CAF6E5B2-D513-445F-A3D5-3A19687E0696}.Debug|iPhone.Build.0 = Debug|iPhone
		{CAF6E5B2-D513-445F-A3D5-3A19687E0696}.Debug|iPhoneSimulator.ActiveCfg = Debug|iPhoneSimulator
		{CAF6E5B2-D513-445F-A3D5-3A19687E0696}.Debug|iPhoneSimulator.Build.0 = Debug|iPhoneSimulator
		{CAF6E5B2-D513-445F-A3D5-3A19687E0696}.Debug|x64.ActiveCfg = Debug|iPhone
		{CAF6E5B2-D513-445F-A3D5-3A19687E0696}.Debug|x86.ActiveCfg = Debug|iPhone
		{CAF6E5B2-D513-445F-A3D5-3A19687E0696}.Release|Any CPU.ActiveCfg = Release|iPhone
		{CAF6E5B2-D513-445F-A3D5-3A19687E0696}.Release|ARM.ActiveCfg = Release|iPhone
		{CAF6E5B2-D513-445F-A3D5-3A19687E0696}.Release|iPhone.ActiveCfg = Release|iPhone
		{CAF6E5B2-D513-445F-A3D5-3A19687E0696}.Release|iPhone.Build.0 = Release|iPhone
		{CAF6E5B2-D513-445F-A3D5-3A19687E0696}.Release|iPhoneSimulator.ActiveCfg = Release|iPhoneSimulator
		{CAF6E5B2-D513-445F-A3D5-3A19687E0696}.Release|iPhoneSimulator.Build.0 = Release|iPhoneSimulator
		{CAF6E5B2-D513-445F-A3D5-3A19687E0696}.Release|x64.ActiveCfg = Release|iPhone
		{CAF6E5B2-D513-445F-A3D5-3A19687E0696}.Release|x86.ActiveCfg = Release|iPhone
		{3A05923A-1D32-4520-915C-9D0A747BCFFF}.Ad-Hoc|Any CPU.ActiveCfg = Release|Any CPU
		{3A05923A-1D32-4520-915C-9D0A747BCFFF}.Ad-Hoc|Any CPU.Build.0 = Release|Any CPU
		{3A05923A-1D32-4520-915C-9D0A747BCFFF}.Ad-Hoc|Any CPU.Deploy.0 = Release|Any CPU
		{3A05923A-1D32-4520-915C-9D0A747BCFFF}.Ad-Hoc|ARM.ActiveCfg = Release|ARM
		{3A05923A-1D32-4520-915C-9D0A747BCFFF}.Ad-Hoc|ARM.Build.0 = Release|ARM
		{3A05923A-1D32-4520-915C-9D0A747BCFFF}.Ad-Hoc|ARM.Deploy.0 = Release|ARM
		{3A05923A-1D32-4520-915C-9D0A747BCFFF}.Ad-Hoc|iPhone.ActiveCfg = Release|Any CPU
		{3A05923A-1D32-4520-915C-9D0A747BCFFF}.Ad-Hoc|iPhone.Build.0 = Release|Any CPU
		{3A05923A-1D32-4520-915C-9D0A747BCFFF}.Ad-Hoc|iPhone.Deploy.0 = Release|Any CPU
		{3A05923A-1D32-4520-915C-9D0A747BCFFF}.Ad-Hoc|iPhoneSimulator.ActiveCfg = Release|Any CPU
		{3A05923A-1D32-4520-915C-9D0A747BCFFF}.Ad-Hoc|iPhoneSimulator.Build.0 = Release|Any CPU
		{3A05923A-1D32-4520-915C-9D0A747BCFFF}.Ad-Hoc|iPhoneSimulator.Deploy.0 = Release|Any CPU
		{3A05923A-1D32-4520-915C-9D0A747BCFFF}.Ad-Hoc|x64.ActiveCfg = Release|Any CPU
		{3A05923A-1D32-4520-915C-9D0A747BCFFF}.Ad-Hoc|x64.Build.0 = Release|Any CPU
		{3A05923A-1D32-4520-915C-9D0A747BCFFF}.Ad-Hoc|x64.Deploy.0 = Release|Any CPU
		{3A05923A-1D32-4520-915C-9D0A747BCFFF}.Ad-Hoc|x86.ActiveCfg = Release|x86
		{3A05923A-1D32-4520-915C-9D0A747BCFFF}.Ad-Hoc|x86.Build.0 = Release|x86
		{3A05923A-1D32-4520-915C-9D0A747BCFFF}.Ad-Hoc|x86.Deploy.0 = Release|x86
		{3A05923A-1D32-4520-915C-9D0A747BCFFF}.AppStore|Any CPU.ActiveCfg = Release|Any CPU
		{3A05923A-1D32-4520-915C-9D0A747BCFFF}.AppStore|Any CPU.Build.0 = Release|Any CPU
		{3A05923A-1D32-4520-915C-9D0A747BCFFF}.AppStore|Any CPU.Deploy.0 = Release|Any CPU
		{3A05923A-1D32-4520-915C-9D0A747BCFFF}.AppStore|ARM.ActiveCfg = Release|ARM
		{3A05923A-1D32-4520-915C-9D0A747BCFFF}.AppStore|ARM.Build.0 = Release|ARM
		{3A05923A-1D32-4520-915C-9D0A747BCFFF}.AppStore|ARM.Deploy.0 = Release|ARM
		{3A05923A-1D32-4520-915C-9D0A747BCFFF}.AppStore|iPhone.ActiveCfg = Release|Any CPU
		{3A05923A-1D32-4520-915C-9D0A747BCFFF}.AppStore|iPhone.Build.0 = Release|Any CPU
		{3A05923A-1D32-4520-915C-9D0A747BCFFF}.AppStore|iPhone.Deploy.0 = Release|Any CPU
		{3A05923A-1D32-4520-915C-9D0A747BCFFF}.AppStore|iPhoneSimulator.ActiveCfg = Release|Any CPU
		{3A05923A-1D32-4520-915C-9D0A747BCFFF}.AppStore|iPhoneSimulator.Build.0 = Release|Any CPU
		{3A05923A-1D32-4520-915C-9D0A747BCFFF}.AppStore|iPhoneSimulator.Deploy.0 = Release|Any CPU
		{3A05923A-1D32-4520-915C-9D0A747BCFFF}.AppStore|x64.ActiveCfg = Release|Any CPU
		{3A05923A-1D32-4520-915C-9D0A747BCFFF}.AppStore|x64.Build.0 = Release|Any CPU
		{3A05923A-1D32-4520-915C-9D0A747BCFFF}.AppStore|x64.Deploy.0 = Release|Any CPU
		{3A05923A-1D32-4520-915C-9D0A747BCFFF}.AppStore|x86.ActiveCfg = Release|x86
		{3A05923A-1D32-4520-915C-9D0A747BCFFF}.AppStore|x86.Build.0 = Release|x86
		{3A05923A-1D32-4520-915C-9D0A747BCFFF}.AppStore|x86.Deploy.0 = Release|x86
		{3A05923A-1D32-4520-915C-9D0A747BCFFF}.Debug|Any CPU.ActiveCfg = Debug|Any CPU
		{3A05923A-1D32-4520-915C-9D0A747BCFFF}.Debug|Any CPU.Build.0 = Debug|Any CPU
		{3A05923A-1D32-4520-915C-9D0A747BCFFF}.Debug|Any CPU.Deploy.0 = Debug|Any CPU
		{3A05923A-1D32-4520-915C-9D0A747BCFFF}.Debug|ARM.ActiveCfg = Debug|ARM
		{3A05923A-1D32-4520-915C-9D0A747BCFFF}.Debug|ARM.Build.0 = Debug|ARM
		{3A05923A-1D32-4520-915C-9D0A747BCFFF}.Debug|ARM.Deploy.0 = Debug|ARM
		{3A05923A-1D32-4520-915C-9D0A747BCFFF}.Debug|iPhone.ActiveCfg = Debug|Any CPU
		{3A05923A-1D32-4520-915C-9D0A747BCFFF}.Debug|iPhone.Build.0 = Debug|Any CPU
		{3A05923A-1D32-4520-915C-9D0A747BCFFF}.Debug|iPhone.Deploy.0 = Debug|Any CPU
		{3A05923A-1D32-4520-915C-9D0A747BCFFF}.Debug|iPhoneSimulator.ActiveCfg = Debug|Any CPU
		{3A05923A-1D32-4520-915C-9D0A747BCFFF}.Debug|iPhoneSimulator.Build.0 = Debug|Any CPU
		{3A05923A-1D32-4520-915C-9D0A747BCFFF}.Debug|iPhoneSimulator.Deploy.0 = Debug|Any CPU
		{3A05923A-1D32-4520-915C-9D0A747BCFFF}.Debug|x64.ActiveCfg = Debug|Any CPU
		{3A05923A-1D32-4520-915C-9D0A747BCFFF}.Debug|x64.Build.0 = Debug|Any CPU
		{3A05923A-1D32-4520-915C-9D0A747BCFFF}.Debug|x64.Deploy.0 = Debug|Any CPU
		{3A05923A-1D32-4520-915C-9D0A747BCFFF}.Debug|x86.ActiveCfg = Debug|x86
		{3A05923A-1D32-4520-915C-9D0A747BCFFF}.Debug|x86.Build.0 = Debug|x86
		{3A05923A-1D32-4520-915C-9D0A747BCFFF}.Debug|x86.Deploy.0 = Debug|x86
		{3A05923A-1D32-4520-915C-9D0A747BCFFF}.Release|Any CPU.ActiveCfg = Release|Any CPU
		{3A05923A-1D32-4520-915C-9D0A747BCFFF}.Release|Any CPU.Build.0 = Release|Any CPU
		{3A05923A-1D32-4520-915C-9D0A747BCFFF}.Release|Any CPU.Deploy.0 = Release|Any CPU
		{3A05923A-1D32-4520-915C-9D0A747BCFFF}.Release|ARM.ActiveCfg = Release|ARM
		{3A05923A-1D32-4520-915C-9D0A747BCFFF}.Release|ARM.Build.0 = Release|ARM
		{3A05923A-1D32-4520-915C-9D0A747BCFFF}.Release|ARM.Deploy.0 = Release|ARM
		{3A05923A-1D32-4520-915C-9D0A747BCFFF}.Release|iPhone.ActiveCfg = Release|Any CPU
		{3A05923A-1D32-4520-915C-9D0A747BCFFF}.Release|iPhone.Build.0 = Release|Any CPU
		{3A05923A-1D32-4520-915C-9D0A747BCFFF}.Release|iPhone.Deploy.0 = Release|Any CPU
		{3A05923A-1D32-4520-915C-9D0A747BCFFF}.Release|iPhoneSimulator.ActiveCfg = Release|Any CPU
		{3A05923A-1D32-4520-915C-9D0A747BCFFF}.Release|iPhoneSimulator.Build.0 = Release|Any CPU
		{3A05923A-1D32-4520-915C-9D0A747BCFFF}.Release|iPhoneSimulator.Deploy.0 = Release|Any CPU
		{3A05923A-1D32-4520-915C-9D0A747BCFFF}.Release|x64.ActiveCfg = Release|Any CPU
		{3A05923A-1D32-4520-915C-9D0A747BCFFF}.Release|x64.Build.0 = Release|Any CPU
		{3A05923A-1D32-4520-915C-9D0A747BCFFF}.Release|x64.Deploy.0 = Release|Any CPU
		{3A05923A-1D32-4520-915C-9D0A747BCFFF}.Release|x86.ActiveCfg = Release|x86
		{3A05923A-1D32-4520-915C-9D0A747BCFFF}.Release|x86.Build.0 = Release|x86
		{3A05923A-1D32-4520-915C-9D0A747BCFFF}.Release|x86.Deploy.0 = Release|x86
		{D648D712-ED27-4FCE-9103-45356062D046}.Ad-Hoc|Any CPU.ActiveCfg = Release|x86
		{D648D712-ED27-4FCE-9103-45356062D046}.Ad-Hoc|Any CPU.Build.0 = Release|x86
		{D648D712-ED27-4FCE-9103-45356062D046}.Ad-Hoc|Any CPU.Deploy.0 = Release|x86
		{D648D712-ED27-4FCE-9103-45356062D046}.Ad-Hoc|ARM.ActiveCfg = Release|ARM
		{D648D712-ED27-4FCE-9103-45356062D046}.Ad-Hoc|ARM.Build.0 = Release|ARM
		{D648D712-ED27-4FCE-9103-45356062D046}.Ad-Hoc|ARM.Deploy.0 = Release|ARM
		{D648D712-ED27-4FCE-9103-45356062D046}.Ad-Hoc|iPhone.ActiveCfg = Release|x86
		{D648D712-ED27-4FCE-9103-45356062D046}.Ad-Hoc|iPhone.Build.0 = Release|x86
		{D648D712-ED27-4FCE-9103-45356062D046}.Ad-Hoc|iPhone.Deploy.0 = Release|x86
		{D648D712-ED27-4FCE-9103-45356062D046}.Ad-Hoc|iPhoneSimulator.ActiveCfg = Release|x86
		{D648D712-ED27-4FCE-9103-45356062D046}.Ad-Hoc|iPhoneSimulator.Build.0 = Release|x86
		{D648D712-ED27-4FCE-9103-45356062D046}.Ad-Hoc|iPhoneSimulator.Deploy.0 = Release|x86
		{D648D712-ED27-4FCE-9103-45356062D046}.Ad-Hoc|x64.ActiveCfg = Release|x64
		{D648D712-ED27-4FCE-9103-45356062D046}.Ad-Hoc|x64.Build.0 = Release|x64
		{D648D712-ED27-4FCE-9103-45356062D046}.Ad-Hoc|x64.Deploy.0 = Release|x64
		{D648D712-ED27-4FCE-9103-45356062D046}.Ad-Hoc|x86.ActiveCfg = Release|x86
		{D648D712-ED27-4FCE-9103-45356062D046}.Ad-Hoc|x86.Build.0 = Release|x86
		{D648D712-ED27-4FCE-9103-45356062D046}.Ad-Hoc|x86.Deploy.0 = Release|x86
		{D648D712-ED27-4FCE-9103-45356062D046}.AppStore|Any CPU.ActiveCfg = Release|x86
		{D648D712-ED27-4FCE-9103-45356062D046}.AppStore|Any CPU.Build.0 = Release|x86
		{D648D712-ED27-4FCE-9103-45356062D046}.AppStore|Any CPU.Deploy.0 = Release|x86
		{D648D712-ED27-4FCE-9103-45356062D046}.AppStore|ARM.ActiveCfg = Release|ARM
		{D648D712-ED27-4FCE-9103-45356062D046}.AppStore|ARM.Build.0 = Release|ARM
		{D648D712-ED27-4FCE-9103-45356062D046}.AppStore|ARM.Deploy.0 = Release|ARM
		{D648D712-ED27-4FCE-9103-45356062D046}.AppStore|iPhone.ActiveCfg = Release|x86
		{D648D712-ED27-4FCE-9103-45356062D046}.AppStore|iPhone.Build.0 = Release|x86
		{D648D712-ED27-4FCE-9103-45356062D046}.AppStore|iPhone.Deploy.0 = Release|x86
		{D648D712-ED27-4FCE-9103-45356062D046}.AppStore|iPhoneSimulator.ActiveCfg = Release|x86
		{D648D712-ED27-4FCE-9103-45356062D046}.AppStore|iPhoneSimulator.Build.0 = Release|x86
		{D648D712-ED27-4FCE-9103-45356062D046}.AppStore|iPhoneSimulator.Deploy.0 = Release|x86
		{D648D712-ED27-4FCE-9103-45356062D046}.AppStore|x64.ActiveCfg = Release|x64
		{D648D712-ED27-4FCE-9103-45356062D046}.AppStore|x64.Build.0 = Release|x64
		{D648D712-ED27-4FCE-9103-45356062D046}.AppStore|x64.Deploy.0 = Release|x64
		{D648D712-ED27-4FCE-9103-45356062D046}.AppStore|x86.ActiveCfg = Release|x86
		{D648D712-ED27-4FCE-9103-45356062D046}.AppStore|x86.Build.0 = Release|x86
		{D648D712-ED27-4FCE-9103-45356062D046}.AppStore|x86.Deploy.0 = Release|x86
		{D648D712-ED27-4FCE-9103-45356062D046}.Debug|Any CPU.ActiveCfg = Debug|x86
		{D648D712-ED27-4FCE-9103-45356062D046}.Debug|ARM.ActiveCfg = Debug|ARM
		{D648D712-ED27-4FCE-9103-45356062D046}.Debug|ARM.Build.0 = Debug|ARM
		{D648D712-ED27-4FCE-9103-45356062D046}.Debug|ARM.Deploy.0 = Debug|ARM
		{D648D712-ED27-4FCE-9103-45356062D046}.Debug|iPhone.ActiveCfg = Debug|x86
		{D648D712-ED27-4FCE-9103-45356062D046}.Debug|iPhoneSimulator.ActiveCfg = Debug|x86
		{D648D712-ED27-4FCE-9103-45356062D046}.Debug|x64.ActiveCfg = Debug|x64
		{D648D712-ED27-4FCE-9103-45356062D046}.Debug|x64.Build.0 = Debug|x64
		{D648D712-ED27-4FCE-9103-45356062D046}.Debug|x64.Deploy.0 = Debug|x64
		{D648D712-ED27-4FCE-9103-45356062D046}.Debug|x86.ActiveCfg = Debug|x86
		{D648D712-ED27-4FCE-9103-45356062D046}.Debug|x86.Build.0 = Debug|x86
		{D648D712-ED27-4FCE-9103-45356062D046}.Debug|x86.Deploy.0 = Debug|x86
		{D648D712-ED27-4FCE-9103-45356062D046}.Release|Any CPU.ActiveCfg = Release|x86
		{D648D712-ED27-4FCE-9103-45356062D046}.Release|ARM.ActiveCfg = Release|ARM
		{D648D712-ED27-4FCE-9103-45356062D046}.Release|ARM.Build.0 = Release|ARM
		{D648D712-ED27-4FCE-9103-45356062D046}.Release|ARM.Deploy.0 = Release|ARM
		{D648D712-ED27-4FCE-9103-45356062D046}.Release|iPhone.ActiveCfg = Release|x86
		{D648D712-ED27-4FCE-9103-45356062D046}.Release|iPhoneSimulator.ActiveCfg = Release|x86
		{D648D712-ED27-4FCE-9103-45356062D046}.Release|x64.ActiveCfg = Release|x64
		{D648D712-ED27-4FCE-9103-45356062D046}.Release|x64.Build.0 = Release|x64
		{D648D712-ED27-4FCE-9103-45356062D046}.Release|x64.Deploy.0 = Release|x64
		{D648D712-ED27-4FCE-9103-45356062D046}.Release|x86.ActiveCfg = Release|x86
		{D648D712-ED27-4FCE-9103-45356062D046}.Release|x86.Build.0 = Release|x86
		{D648D712-ED27-4FCE-9103-45356062D046}.Release|x86.Deploy.0 = Release|x86
		{FB4C599A-B986-42AF-83EA-60157D823054}.Ad-Hoc|Any CPU.ActiveCfg = Release|Any CPU
		{FB4C599A-B986-42AF-83EA-60157D823054}.Ad-Hoc|Any CPU.Build.0 = Release|Any CPU
		{FB4C599A-B986-42AF-83EA-60157D823054}.Ad-Hoc|Any CPU.Deploy.0 = Release|Any CPU
		{FB4C599A-B986-42AF-83EA-60157D823054}.Ad-Hoc|ARM.ActiveCfg = Release|ARM
		{FB4C599A-B986-42AF-83EA-60157D823054}.Ad-Hoc|ARM.Build.0 = Release|ARM
		{FB4C599A-B986-42AF-83EA-60157D823054}.Ad-Hoc|ARM.Deploy.0 = Release|ARM
		{FB4C599A-B986-42AF-83EA-60157D823054}.Ad-Hoc|iPhone.ActiveCfg = Release|Any CPU
		{FB4C599A-B986-42AF-83EA-60157D823054}.Ad-Hoc|iPhone.Build.0 = Release|Any CPU
		{FB4C599A-B986-42AF-83EA-60157D823054}.Ad-Hoc|iPhone.Deploy.0 = Release|Any CPU
		{FB4C599A-B986-42AF-83EA-60157D823054}.Ad-Hoc|iPhoneSimulator.ActiveCfg = Release|Any CPU
		{FB4C599A-B986-42AF-83EA-60157D823054}.Ad-Hoc|iPhoneSimulator.Build.0 = Release|Any CPU
		{FB4C599A-B986-42AF-83EA-60157D823054}.Ad-Hoc|iPhoneSimulator.Deploy.0 = Release|Any CPU
		{FB4C599A-B986-42AF-83EA-60157D823054}.Ad-Hoc|x64.ActiveCfg = Release|x64
		{FB4C599A-B986-42AF-83EA-60157D823054}.Ad-Hoc|x64.Build.0 = Release|x64
		{FB4C599A-B986-42AF-83EA-60157D823054}.Ad-Hoc|x64.Deploy.0 = Release|x64
		{FB4C599A-B986-42AF-83EA-60157D823054}.Ad-Hoc|x86.ActiveCfg = Release|x86
		{FB4C599A-B986-42AF-83EA-60157D823054}.Ad-Hoc|x86.Build.0 = Release|x86
		{FB4C599A-B986-42AF-83EA-60157D823054}.Ad-Hoc|x86.Deploy.0 = Release|x86
		{FB4C599A-B986-42AF-83EA-60157D823054}.AppStore|Any CPU.ActiveCfg = Release|Any CPU
		{FB4C599A-B986-42AF-83EA-60157D823054}.AppStore|Any CPU.Build.0 = Release|Any CPU
		{FB4C599A-B986-42AF-83EA-60157D823054}.AppStore|Any CPU.Deploy.0 = Release|Any CPU
		{FB4C599A-B986-42AF-83EA-60157D823054}.AppStore|ARM.ActiveCfg = Release|ARM
		{FB4C599A-B986-42AF-83EA-60157D823054}.AppStore|ARM.Build.0 = Release|ARM
		{FB4C599A-B986-42AF-83EA-60157D823054}.AppStore|ARM.Deploy.0 = Release|ARM
		{FB4C599A-B986-42AF-83EA-60157D823054}.AppStore|iPhone.ActiveCfg = Release|Any CPU
		{FB4C599A-B986-42AF-83EA-60157D823054}.AppStore|iPhone.Build.0 = Release|Any CPU
		{FB4C599A-B986-42AF-83EA-60157D823054}.AppStore|iPhone.Deploy.0 = Release|Any CPU
		{FB4C599A-B986-42AF-83EA-60157D823054}.AppStore|iPhoneSimulator.ActiveCfg = Release|Any CPU
		{FB4C599A-B986-42AF-83EA-60157D823054}.AppStore|iPhoneSimulator.Build.0 = Release|Any CPU
		{FB4C599A-B986-42AF-83EA-60157D823054}.AppStore|iPhoneSimulator.Deploy.0 = Release|Any CPU
		{FB4C599A-B986-42AF-83EA-60157D823054}.AppStore|x64.ActiveCfg = Release|x64
		{FB4C599A-B986-42AF-83EA-60157D823054}.AppStore|x64.Build.0 = Release|x64
		{FB4C599A-B986-42AF-83EA-60157D823054}.AppStore|x64.Deploy.0 = Release|x64
		{FB4C599A-B986-42AF-83EA-60157D823054}.AppStore|x86.ActiveCfg = Release|x86
		{FB4C599A-B986-42AF-83EA-60157D823054}.AppStore|x86.Build.0 = Release|x86
		{FB4C599A-B986-42AF-83EA-60157D823054}.AppStore|x86.Deploy.0 = Release|x86
		{FB4C599A-B986-42AF-83EA-60157D823054}.Debug|Any CPU.ActiveCfg = Debug|Any CPU
		{FB4C599A-B986-42AF-83EA-60157D823054}.Debug|Any CPU.Build.0 = Debug|Any CPU
		{FB4C599A-B986-42AF-83EA-60157D823054}.Debug|Any CPU.Deploy.0 = Debug|Any CPU
		{FB4C599A-B986-42AF-83EA-60157D823054}.Debug|ARM.ActiveCfg = Debug|ARM
		{FB4C599A-B986-42AF-83EA-60157D823054}.Debug|ARM.Build.0 = Debug|ARM
		{FB4C599A-B986-42AF-83EA-60157D823054}.Debug|ARM.Deploy.0 = Debug|ARM
		{FB4C599A-B986-42AF-83EA-60157D823054}.Debug|iPhone.ActiveCfg = Debug|Any CPU
		{FB4C599A-B986-42AF-83EA-60157D823054}.Debug|iPhone.Build.0 = Debug|Any CPU
		{FB4C599A-B986-42AF-83EA-60157D823054}.Debug|iPhone.Deploy.0 = Debug|Any CPU
		{FB4C599A-B986-42AF-83EA-60157D823054}.Debug|iPhoneSimulator.ActiveCfg = Debug|Any CPU
		{FB4C599A-B986-42AF-83EA-60157D823054}.Debug|iPhoneSimulator.Build.0 = Debug|Any CPU
		{FB4C599A-B986-42AF-83EA-60157D823054}.Debug|iPhoneSimulator.Deploy.0 = Debug|Any CPU
		{FB4C599A-B986-42AF-83EA-60157D823054}.Debug|x64.ActiveCfg = Debug|x64
		{FB4C599A-B986-42AF-83EA-60157D823054}.Debug|x64.Build.0 = Debug|x64
		{FB4C599A-B986-42AF-83EA-60157D823054}.Debug|x64.Deploy.0 = Debug|x64
		{FB4C599A-B986-42AF-83EA-60157D823054}.Debug|x86.ActiveCfg = Debug|x86
		{FB4C599A-B986-42AF-83EA-60157D823054}.Debug|x86.Build.0 = Debug|x86
		{FB4C599A-B986-42AF-83EA-60157D823054}.Debug|x86.Deploy.0 = Debug|x86
		{FB4C599A-B986-42AF-83EA-60157D823054}.Release|Any CPU.ActiveCfg = Release|Any CPU
		{FB4C599A-B986-42AF-83EA-60157D823054}.Release|Any CPU.Build.0 = Release|Any CPU
		{FB4C599A-B986-42AF-83EA-60157D823054}.Release|Any CPU.Deploy.0 = Release|Any CPU
		{FB4C599A-B986-42AF-83EA-60157D823054}.Release|ARM.ActiveCfg = Release|ARM
		{FB4C599A-B986-42AF-83EA-60157D823054}.Release|ARM.Build.0 = Release|ARM
		{FB4C599A-B986-42AF-83EA-60157D823054}.Release|ARM.Deploy.0 = Release|ARM
		{FB4C599A-B986-42AF-83EA-60157D823054}.Release|iPhone.ActiveCfg = Release|Any CPU
		{FB4C599A-B986-42AF-83EA-60157D823054}.Release|iPhone.Build.0 = Release|Any CPU
		{FB4C599A-B986-42AF-83EA-60157D823054}.Release|iPhone.Deploy.0 = Release|Any CPU
		{FB4C599A-B986-42AF-83EA-60157D823054}.Release|iPhoneSimulator.ActiveCfg = Release|Any CPU
		{FB4C599A-B986-42AF-83EA-60157D823054}.Release|iPhoneSimulator.Build.0 = Release|Any CPU
		{FB4C599A-B986-42AF-83EA-60157D823054}.Release|iPhoneSimulator.Deploy.0 = Release|Any CPU
		{FB4C599A-B986-42AF-83EA-60157D823054}.Release|x64.ActiveCfg = Release|x64
		{FB4C599A-B986-42AF-83EA-60157D823054}.Release|x64.Build.0 = Release|x64
		{FB4C599A-B986-42AF-83EA-60157D823054}.Release|x64.Deploy.0 = Release|x64
		{FB4C599A-B986-42AF-83EA-60157D823054}.Release|x86.ActiveCfg = Release|x86
		{FB4C599A-B986-42AF-83EA-60157D823054}.Release|x86.Build.0 = Release|x86
		{FB4C599A-B986-42AF-83EA-60157D823054}.Release|x86.Deploy.0 = Release|x86
	EndGlobalSection
	GlobalSection(SolutionProperties) = preSolution
		HideSolutionNode = FALSE
	EndGlobalSection
EndGlobal
