
Microsoft Visual Studio Solution File, Format Version 12.00
# Visual Studio 14
VisualStudioVersion = 14.0.25420.1
MinimumVisualStudioVersion = 10.0.40219.1
Project("{FAE04EC0-301F-11D3-BF4B-00C04F79EFBC}") = "JApp", "JApp\JApp\JApp.csproj", "{188D7B1E-C5E3-4DE1-8D29-F5ABA0CA5483}"
EndProject
Project("{FAE04EC0-301F-11D3-BF4B-00C04F79EFBC}") = "JApp.Droid", "JApp\JApp.Droid\JApp.Droid.csproj", "{41AABE64-F7E0-4314-89D0-68A4A10A45EB}"
EndProject
Project("{FAE04EC0-301F-11D3-BF4B-00C04F79EFBC}") = "JApp.iOS", "JApp\JApp.iOS\JApp.iOS.csproj", "{C65144ED-FEAA-431E-9089-62FCD5DB7390}"
EndProject
Project("{FAE04EC0-301F-11D3-BF4B-00C04F79EFBC}") = "JApp.UWP", "JApp\JApp.UWP\JApp.UWP.csproj", "{FD69413E-BEC7-45A3-AF62-1E4A3EE21F74}"
EndProject
Global
	GlobalSection(SolutionConfigurationPlatforms) = preSolution
		Ad-Hoc|Any CPU = Ad-Hoc|Any CPU
		Ad-Hoc|ARM = Ad-Hoc|ARM
		Ad-Hoc|iPhone = Ad-Hoc|iPhone
		Ad-Hoc|iPhoneSimulator = Ad-Hoc|iPhoneSimulator
		Ad-Hoc|x64 = Ad-Hoc|x64
		Ad-Hoc|x86 = Ad-Hoc|x86
		AppStore|Any CPU = AppStore|Any CPU
		AppStore|ARM = AppStore|ARM
		AppStore|iPhone = AppStore|iPhone
		AppStore|iPhoneSimulator = AppStore|iPhoneSimulator
		AppStore|x64 = AppStore|x64
		AppStore|x86 = AppStore|x86
		Debug|Any CPU = Debug|Any CPU
		Debug|ARM = Debug|ARM
		Debug|iPhone = Debug|iPhone
		Debug|iPhoneSimulator = Debug|iPhoneSimulator
		Debug|x64 = Debug|x64
		Debug|x86 = Debug|x86
		Release|Any CPU = Release|Any CPU
		Release|ARM = Release|ARM
		Release|iPhone = Release|iPhone
		Release|iPhoneSimulator = Release|iPhoneSimulator
		Release|x64 = Release|x64
		Release|x86 = Release|x86
	EndGlobalSection
	GlobalSection(ProjectConfigurationPlatforms) = postSolution
		{188D7B1E-C5E3-4DE1-8D29-F5ABA0CA5483}.Ad-Hoc|Any CPU.ActiveCfg = Release|Any CPU
		{188D7B1E-C5E3-4DE1-8D29-F5ABA0CA5483}.Ad-Hoc|Any CPU.Build.0 = Release|Any CPU
		{188D7B1E-C5E3-4DE1-8D29-F5ABA0CA5483}.Ad-Hoc|ARM.ActiveCfg = Release|Any CPU
		{188D7B1E-C5E3-4DE1-8D29-F5ABA0CA5483}.Ad-Hoc|ARM.Build.0 = Release|Any CPU
		{188D7B1E-C5E3-4DE1-8D29-F5ABA0CA5483}.Ad-Hoc|iPhone.ActiveCfg = Release|Any CPU
		{188D7B1E-C5E3-4DE1-8D29-F5ABA0CA5483}.Ad-Hoc|iPhone.Build.0 = Release|Any CPU
		{188D7B1E-C5E3-4DE1-8D29-F5ABA0CA5483}.Ad-Hoc|iPhoneSimulator.ActiveCfg = Release|Any CPU
		{188D7B1E-C5E3-4DE1-8D29-F5ABA0CA5483}.Ad-Hoc|iPhoneSimulator.Build.0 = Release|Any CPU
		{188D7B1E-C5E3-4DE1-8D29-F5ABA0CA5483}.Ad-Hoc|x64.ActiveCfg = Release|Any CPU
		{188D7B1E-C5E3-4DE1-8D29-F5ABA0CA5483}.Ad-Hoc|x64.Build.0 = Release|Any CPU
		{188D7B1E-C5E3-4DE1-8D29-F5ABA0CA5483}.Ad-Hoc|x86.ActiveCfg = Release|Any CPU
		{188D7B1E-C5E3-4DE1-8D29-F5ABA0CA5483}.Ad-Hoc|x86.Build.0 = Release|Any CPU
		{188D7B1E-C5E3-4DE1-8D29-F5ABA0CA5483}.AppStore|Any CPU.ActiveCfg = Release|Any CPU
		{188D7B1E-C5E3-4DE1-8D29-F5ABA0CA5483}.AppStore|Any CPU.Build.0 = Release|Any CPU
		{188D7B1E-C5E3-4DE1-8D29-F5ABA0CA5483}.AppStore|ARM.ActiveCfg = Release|Any CPU
		{188D7B1E-C5E3-4DE1-8D29-F5ABA0CA5483}.AppStore|ARM.Build.0 = Release|Any CPU
		{188D7B1E-C5E3-4DE1-8D29-F5ABA0CA5483}.AppStore|iPhone.ActiveCfg = Release|Any CPU
		{188D7B1E-C5E3-4DE1-8D29-F5ABA0CA5483}.AppStore|iPhone.Build.0 = Release|Any CPU
		{188D7B1E-C5E3-4DE1-8D29-F5ABA0CA5483}.AppStore|iPhoneSimulator.ActiveCfg = Release|Any CPU
		{188D7B1E-C5E3-4DE1-8D29-F5ABA0CA5483}.AppStore|iPhoneSimulator.Build.0 = Release|Any CPU
		{188D7B1E-C5E3-4DE1-8D29-F5ABA0CA5483}.AppStore|x64.ActiveCfg = Release|Any CPU
		{188D7B1E-C5E3-4DE1-8D29-F5ABA0CA5483}.AppStore|x64.Build.0 = Release|Any CPU
		{188D7B1E-C5E3-4DE1-8D29-F5ABA0CA5483}.AppStore|x86.ActiveCfg = Release|Any CPU
		{188D7B1E-C5E3-4DE1-8D29-F5ABA0CA5483}.AppStore|x86.Build.0 = Release|Any CPU
		{188D7B1E-C5E3-4DE1-8D29-F5ABA0CA5483}.Debug|Any CPU.ActiveCfg = Debug|Any CPU
		{188D7B1E-C5E3-4DE1-8D29-F5ABA0CA5483}.Debug|Any CPU.Build.0 = Debug|Any CPU
		{188D7B1E-C5E3-4DE1-8D29-F5ABA0CA5483}.Debug|ARM.ActiveCfg = Debug|Any CPU
		{188D7B1E-C5E3-4DE1-8D29-F5ABA0CA5483}.Debug|ARM.Build.0 = Debug|Any CPU
		{188D7B1E-C5E3-4DE1-8D29-F5ABA0CA5483}.Debug|iPhone.ActiveCfg = Debug|Any CPU
		{188D7B1E-C5E3-4DE1-8D29-F5ABA0CA5483}.Debug|iPhone.Build.0 = Debug|Any CPU
		{188D7B1E-C5E3-4DE1-8D29-F5ABA0CA5483}.Debug|iPhoneSimulator.ActiveCfg = Debug|Any CPU
		{188D7B1E-C5E3-4DE1-8D29-F5ABA0CA5483}.Debug|iPhoneSimulator.Build.0 = Debug|Any CPU
		{188D7B1E-C5E3-4DE1-8D29-F5ABA0CA5483}.Debug|x64.ActiveCfg = Debug|Any CPU
		{188D7B1E-C5E3-4DE1-8D29-F5ABA0CA5483}.Debug|x64.Build.0 = Debug|Any CPU
		{188D7B1E-C5E3-4DE1-8D29-F5ABA0CA5483}.Debug|x86.ActiveCfg = Debug|Any CPU
		{188D7B1E-C5E3-4DE1-8D29-F5ABA0CA5483}.Debug|x86.Build.0 = Debug|Any CPU
		{188D7B1E-C5E3-4DE1-8D29-F5ABA0CA5483}.Release|Any CPU.ActiveCfg = Release|Any CPU
		{188D7B1E-C5E3-4DE1-8D29-F5ABA0CA5483}.Release|Any CPU.Build.0 = Release|Any CPU
		{188D7B1E-C5E3-4DE1-8D29-F5ABA0CA5483}.Release|ARM.ActiveCfg = Release|Any CPU
		{188D7B1E-C5E3-4DE1-8D29-F5ABA0CA5483}.Release|ARM.Build.0 = Release|Any CPU
		{188D7B1E-C5E3-4DE1-8D29-F5ABA0CA5483}.Release|iPhone.ActiveCfg = Release|Any CPU
		{188D7B1E-C5E3-4DE1-8D29-F5ABA0CA5483}.Release|iPhone.Build.0 = Release|Any CPU
		{188D7B1E-C5E3-4DE1-8D29-F5ABA0CA5483}.Release|iPhoneSimulator.ActiveCfg = Release|Any CPU
		{188D7B1E-C5E3-4DE1-8D29-F5ABA0CA5483}.Release|iPhoneSimulator.Build.0 = Release|Any CPU
		{188D7B1E-C5E3-4DE1-8D29-F5ABA0CA5483}.Release|x64.ActiveCfg = Release|Any CPU
		{188D7B1E-C5E3-4DE1-8D29-F5ABA0CA5483}.Release|x64.Build.0 = Release|Any CPU
		{188D7B1E-C5E3-4DE1-8D29-F5ABA0CA5483}.Release|x86.ActiveCfg = Release|Any CPU
		{188D7B1E-C5E3-4DE1-8D29-F5ABA0CA5483}.Release|x86.Build.0 = Release|Any CPU
		{41AABE64-F7E0-4314-89D0-68A4A10A45EB}.Ad-Hoc|Any CPU.ActiveCfg = Release|Any CPU
		{41AABE64-F7E0-4314-89D0-68A4A10A45EB}.Ad-Hoc|Any CPU.Build.0 = Release|Any CPU
		{41AABE64-F7E0-4314-89D0-68A4A10A45EB}.Ad-Hoc|Any CPU.Deploy.0 = Release|Any CPU
		{41AABE64-F7E0-4314-89D0-68A4A10A45EB}.Ad-Hoc|ARM.ActiveCfg = Release|Any CPU
		{41AABE64-F7E0-4314-89D0-68A4A10A45EB}.Ad-Hoc|ARM.Build.0 = Release|Any CPU
		{41AABE64-F7E0-4314-89D0-68A4A10A45EB}.Ad-Hoc|ARM.Deploy.0 = Release|Any CPU
		{41AABE64-F7E0-4314-89D0-68A4A10A45EB}.Ad-Hoc|iPhone.ActiveCfg = Release|Any CPU
		{41AABE64-F7E0-4314-89D0-68A4A10A45EB}.Ad-Hoc|iPhone.Build.0 = Release|Any CPU
		{41AABE64-F7E0-4314-89D0-68A4A10A45EB}.Ad-Hoc|iPhone.Deploy.0 = Release|Any CPU
		{41AABE64-F7E0-4314-89D0-68A4A10A45EB}.Ad-Hoc|iPhoneSimulator.ActiveCfg = Release|Any CPU
		{41AABE64-F7E0-4314-89D0-68A4A10A45EB}.Ad-Hoc|iPhoneSimulator.Build.0 = Release|Any CPU
		{41AABE64-F7E0-4314-89D0-68A4A10A45EB}.Ad-Hoc|iPhoneSimulator.Deploy.0 = Release|Any CPU
		{41AABE64-F7E0-4314-89D0-68A4A10A45EB}.Ad-Hoc|x64.ActiveCfg = Release|Any CPU
		{41AABE64-F7E0-4314-89D0-68A4A10A45EB}.Ad-Hoc|x64.Build.0 = Release|Any CPU
		{41AABE64-F7E0-4314-89D0-68A4A10A45EB}.Ad-Hoc|x64.Deploy.0 = Release|Any CPU
		{41AABE64-F7E0-4314-89D0-68A4A10A45EB}.Ad-Hoc|x86.ActiveCfg = Release|Any CPU
		{41AABE64-F7E0-4314-89D0-68A4A10A45EB}.Ad-Hoc|x86.Build.0 = Release|Any CPU
		{41AABE64-F7E0-4314-89D0-68A4A10A45EB}.Ad-Hoc|x86.Deploy.0 = Release|Any CPU
		{41AABE64-F7E0-4314-89D0-68A4A10A45EB}.AppStore|Any CPU.ActiveCfg = Release|Any CPU
		{41AABE64-F7E0-4314-89D0-68A4A10A45EB}.AppStore|Any CPU.Build.0 = Release|Any CPU
		{41AABE64-F7E0-4314-89D0-68A4A10A45EB}.AppStore|Any CPU.Deploy.0 = Release|Any CPU
		{41AABE64-F7E0-4314-89D0-68A4A10A45EB}.AppStore|ARM.ActiveCfg = Release|Any CPU
		{41AABE64-F7E0-4314-89D0-68A4A10A45EB}.AppStore|ARM.Build.0 = Release|Any CPU
		{41AABE64-F7E0-4314-89D0-68A4A10A45EB}.AppStore|ARM.Deploy.0 = Release|Any CPU
		{41AABE64-F7E0-4314-89D0-68A4A10A45EB}.AppStore|iPhone.ActiveCfg = Release|Any CPU
		{41AABE64-F7E0-4314-89D0-68A4A10A45EB}.AppStore|iPhone.Build.0 = Release|Any CPU
		{41AABE64-F7E0-4314-89D0-68A4A10A45EB}.AppStore|iPhone.Deploy.0 = Release|Any CPU
		{41AABE64-F7E0-4314-89D0-68A4A10A45EB}.AppStore|iPhoneSimulator.ActiveCfg = Release|Any CPU
		{41AABE64-F7E0-4314-89D0-68A4A10A45EB}.AppStore|iPhoneSimulator.Build.0 = Release|Any CPU
		{41AABE64-F7E0-4314-89D0-68A4A10A45EB}.AppStore|iPhoneSimulator.Deploy.0 = Release|Any CPU
		{41AABE64-F7E0-4314-89D0-68A4A10A45EB}.AppStore|x64.ActiveCfg = Release|Any CPU
		{41AABE64-F7E0-4314-89D0-68A4A10A45EB}.AppStore|x64.Build.0 = Release|Any CPU
		{41AABE64-F7E0-4314-89D0-68A4A10A45EB}.AppStore|x64.Deploy.0 = Release|Any CPU
		{41AABE64-F7E0-4314-89D0-68A4A10A45EB}.AppStore|x86.ActiveCfg = Release|Any CPU
		{41AABE64-F7E0-4314-89D0-68A4A10A45EB}.AppStore|x86.Build.0 = Release|Any CPU
		{41AABE64-F7E0-4314-89D0-68A4A10A45EB}.AppStore|x86.Deploy.0 = Release|Any CPU
		{41AABE64-F7E0-4314-89D0-68A4A10A45EB}.Debug|Any CPU.ActiveCfg = Debug|Any CPU
		{41AABE64-F7E0-4314-89D0-68A4A10A45EB}.Debug|Any CPU.Build.0 = Debug|Any CPU
		{41AABE64-F7E0-4314-89D0-68A4A10A45EB}.Debug|Any CPU.Deploy.0 = Debug|Any CPU
		{41AABE64-F7E0-4314-89D0-68A4A10A45EB}.Debug|ARM.ActiveCfg = Debug|Any CPU
		{41AABE64-F7E0-4314-89D0-68A4A10A45EB}.Debug|ARM.Build.0 = Debug|Any CPU
		{41AABE64-F7E0-4314-89D0-68A4A10A45EB}.Debug|ARM.Deploy.0 = Debug|Any CPU
		{41AABE64-F7E0-4314-89D0-68A4A10A45EB}.Debug|iPhone.ActiveCfg = Debug|Any CPU
		{41AABE64-F7E0-4314-89D0-68A4A10A45EB}.Debug|iPhone.Build.0 = Debug|Any CPU
		{41AABE64-F7E0-4314-89D0-68A4A10A45EB}.Debug|iPhone.Deploy.0 = Debug|Any CPU
		{41AABE64-F7E0-4314-89D0-68A4A10A45EB}.Debug|iPhoneSimulator.ActiveCfg = Debug|Any CPU
		{41AABE64-F7E0-4314-89D0-68A4A10A45EB}.Debug|iPhoneSimulator.Build.0 = Debug|Any CPU
		{41AABE64-F7E0-4314-89D0-68A4A10A45EB}.Debug|iPhoneSimulator.Deploy.0 = Debug|Any CPU
		{41AABE64-F7E0-4314-89D0-68A4A10A45EB}.Debug|x64.ActiveCfg = Debug|Any CPU
		{41AABE64-F7E0-4314-89D0-68A4A10A45EB}.Debug|x64.Build.0 = Debug|Any CPU
		{41AABE64-F7E0-4314-89D0-68A4A10A45EB}.Debug|x64.Deploy.0 = Debug|Any CPU
		{41AABE64-F7E0-4314-89D0-68A4A10A45EB}.Debug|x86.ActiveCfg = Debug|Any CPU
		{41AABE64-F7E0-4314-89D0-68A4A10A45EB}.Debug|x86.Build.0 = Debug|Any CPU
		{41AABE64-F7E0-4314-89D0-68A4A10A45EB}.Debug|x86.Deploy.0 = Debug|Any CPU
		{41AABE64-F7E0-4314-89D0-68A4A10A45EB}.Release|Any CPU.ActiveCfg = Release|Any CPU
		{41AABE64-F7E0-4314-89D0-68A4A10A45EB}.Release|Any CPU.Build.0 = Release|Any CPU
		{41AABE64-F7E0-4314-89D0-68A4A10A45EB}.Release|Any CPU.Deploy.0 = Release|Any CPU
		{41AABE64-F7E0-4314-89D0-68A4A10A45EB}.Release|ARM.ActiveCfg = Release|Any CPU
		{41AABE64-F7E0-4314-89D0-68A4A10A45EB}.Release|ARM.Build.0 = Release|Any CPU
		{41AABE64-F7E0-4314-89D0-68A4A10A45EB}.Release|ARM.Deploy.0 = Release|Any CPU
		{41AABE64-F7E0-4314-89D0-68A4A10A45EB}.Release|iPhone.ActiveCfg = Release|Any CPU
		{41AABE64-F7E0-4314-89D0-68A4A10A45EB}.Release|iPhone.Build.0 = Release|Any CPU
		{41AABE64-F7E0-4314-89D0-68A4A10A45EB}.Release|iPhone.Deploy.0 = Release|Any CPU
		{41AABE64-F7E0-4314-89D0-68A4A10A45EB}.Release|iPhoneSimulator.ActiveCfg = Release|Any CPU
		{41AABE64-F7E0-4314-89D0-68A4A10A45EB}.Release|iPhoneSimulator.Build.0 = Release|Any CPU
		{41AABE64-F7E0-4314-89D0-68A4A10A45EB}.Release|iPhoneSimulator.Deploy.0 = Release|Any CPU
		{41AABE64-F7E0-4314-89D0-68A4A10A45EB}.Release|x64.ActiveCfg = Release|Any CPU
		{41AABE64-F7E0-4314-89D0-68A4A10A45EB}.Release|x64.Build.0 = Release|Any CPU
		{41AABE64-F7E0-4314-89D0-68A4A10A45EB}.Release|x64.Deploy.0 = Release|Any CPU
		{41AABE64-F7E0-4314-89D0-68A4A10A45EB}.Release|x86.ActiveCfg = Release|Any CPU
		{41AABE64-F7E0-4314-89D0-68A4A10A45EB}.Release|x86.Build.0 = Release|Any CPU
		{41AABE64-F7E0-4314-89D0-68A4A10A45EB}.Release|x86.Deploy.0 = Release|Any CPU
		{C65144ED-FEAA-431E-9089-62FCD5DB7390}.Ad-Hoc|Any CPU.ActiveCfg = Ad-Hoc|iPhone
		{C65144ED-FEAA-431E-9089-62FCD5DB7390}.Ad-Hoc|ARM.ActiveCfg = Ad-Hoc|iPhone
		{C65144ED-FEAA-431E-9089-62FCD5DB7390}.Ad-Hoc|iPhone.ActiveCfg = Ad-Hoc|iPhone
		{C65144ED-FEAA-431E-9089-62FCD5DB7390}.Ad-Hoc|iPhone.Build.0 = Ad-Hoc|iPhone
		{C65144ED-FEAA-431E-9089-62FCD5DB7390}.Ad-Hoc|iPhoneSimulator.ActiveCfg = Ad-Hoc|iPhoneSimulator
		{C65144ED-FEAA-431E-9089-62FCD5DB7390}.Ad-Hoc|iPhoneSimulator.Build.0 = Ad-Hoc|iPhoneSimulator
		{C65144ED-FEAA-431E-9089-62FCD5DB7390}.Ad-Hoc|x64.ActiveCfg = Ad-Hoc|iPhone
		{C65144ED-FEAA-431E-9089-62FCD5DB7390}.Ad-Hoc|x86.ActiveCfg = Ad-Hoc|iPhone
		{C65144ED-FEAA-431E-9089-62FCD5DB7390}.AppStore|Any CPU.ActiveCfg = AppStore|iPhone
		{C65144ED-FEAA-431E-9089-62FCD5DB7390}.AppStore|ARM.ActiveCfg = AppStore|iPhone
		{C65144ED-FEAA-431E-9089-62FCD5DB7390}.AppStore|iPhone.ActiveCfg = AppStore|iPhone
		{C65144ED-FEAA-431E-9089-62FCD5DB7390}.AppStore|iPhone.Build.0 = AppStore|iPhone
		{C65144ED-FEAA-431E-9089-62FCD5DB7390}.AppStore|iPhoneSimulator.ActiveCfg = AppStore|iPhoneSimulator
		{C65144ED-FEAA-431E-9089-62FCD5DB7390}.AppStore|iPhoneSimulator.Build.0 = AppStore|iPhoneSimulator
		{C65144ED-FEAA-431E-9089-62FCD5DB7390}.AppStore|x64.ActiveCfg = AppStore|iPhone
		{C65144ED-FEAA-431E-9089-62FCD5DB7390}.AppStore|x86.ActiveCfg = AppStore|iPhone
		{C65144ED-FEAA-431E-9089-62FCD5DB7390}.Debug|Any CPU.ActiveCfg = Debug|iPhone
		{C65144ED-FEAA-431E-9089-62FCD5DB7390}.Debug|ARM.ActiveCfg = Debug|iPhone
		{C65144ED-FEAA-431E-9089-62FCD5DB7390}.Debug|iPhone.ActiveCfg = Debug|iPhone
		{C65144ED-FEAA-431E-9089-62FCD5DB7390}.Debug|iPhone.Build.0 = Debug|iPhone
		{C65144ED-FEAA-431E-9089-62FCD5DB7390}.Debug|iPhoneSimulator.ActiveCfg = Debug|iPhoneSimulator
		{C65144ED-FEAA-431E-9089-62FCD5DB7390}.Debug|iPhoneSimulator.Build.0 = Debug|iPhoneSimulator
		{C65144ED-FEAA-431E-9089-62FCD5DB7390}.Debug|x64.ActiveCfg = Debug|iPhone
		{C65144ED-FEAA-431E-9089-62FCD5DB7390}.Debug|x86.ActiveCfg = Debug|iPhone
		{C65144ED-FEAA-431E-9089-62FCD5DB7390}.Release|Any CPU.ActiveCfg = Release|iPhone
		{C65144ED-FEAA-431E-9089-62FCD5DB7390}.Release|ARM.ActiveCfg = Release|iPhone
		{C65144ED-FEAA-431E-9089-62FCD5DB7390}.Release|iPhone.ActiveCfg = Release|iPhone
		{C65144ED-FEAA-431E-9089-62FCD5DB7390}.Release|iPhone.Build.0 = Release|iPhone
		{C65144ED-FEAA-431E-9089-62FCD5DB7390}.Release|iPhoneSimulator.ActiveCfg = Release|iPhoneSimulator
		{C65144ED-FEAA-431E-9089-62FCD5DB7390}.Release|iPhoneSimulator.Build.0 = Release|iPhoneSimulator
		{C65144ED-FEAA-431E-9089-62FCD5DB7390}.Release|x64.ActiveCfg = Release|iPhone
		{C65144ED-FEAA-431E-9089-62FCD5DB7390}.Release|x86.ActiveCfg = Release|iPhone
		{FD69413E-BEC7-45A3-AF62-1E4A3EE21F74}.Ad-Hoc|Any CPU.ActiveCfg = Release|x86
		{FD69413E-BEC7-45A3-AF62-1E4A3EE21F74}.Ad-Hoc|Any CPU.Build.0 = Release|x86
		{FD69413E-BEC7-45A3-AF62-1E4A3EE21F74}.Ad-Hoc|Any CPU.Deploy.0 = Release|x86
		{FD69413E-BEC7-45A3-AF62-1E4A3EE21F74}.Ad-Hoc|ARM.ActiveCfg = Release|ARM
		{FD69413E-BEC7-45A3-AF62-1E4A3EE21F74}.Ad-Hoc|ARM.Build.0 = Release|ARM
		{FD69413E-BEC7-45A3-AF62-1E4A3EE21F74}.Ad-Hoc|ARM.Deploy.0 = Release|ARM
		{FD69413E-BEC7-45A3-AF62-1E4A3EE21F74}.Ad-Hoc|iPhone.ActiveCfg = Release|x86
		{FD69413E-BEC7-45A3-AF62-1E4A3EE21F74}.Ad-Hoc|iPhone.Build.0 = Release|x86
		{FD69413E-BEC7-45A3-AF62-1E4A3EE21F74}.Ad-Hoc|iPhone.Deploy.0 = Release|x86
		{FD69413E-BEC7-45A3-AF62-1E4A3EE21F74}.Ad-Hoc|iPhoneSimulator.ActiveCfg = Release|x86
		{FD69413E-BEC7-45A3-AF62-1E4A3EE21F74}.Ad-Hoc|iPhoneSimulator.Build.0 = Release|x86
		{FD69413E-BEC7-45A3-AF62-1E4A3EE21F74}.Ad-Hoc|iPhoneSimulator.Deploy.0 = Release|x86
		{FD69413E-BEC7-45A3-AF62-1E4A3EE21F74}.Ad-Hoc|x64.ActiveCfg = Release|x64
		{FD69413E-BEC7-45A3-AF62-1E4A3EE21F74}.Ad-Hoc|x64.Build.0 = Release|x64
		{FD69413E-BEC7-45A3-AF62-1E4A3EE21F74}.Ad-Hoc|x64.Deploy.0 = Release|x64
		{FD69413E-BEC7-45A3-AF62-1E4A3EE21F74}.Ad-Hoc|x86.ActiveCfg = Release|x86
		{FD69413E-BEC7-45A3-AF62-1E4A3EE21F74}.Ad-Hoc|x86.Build.0 = Release|x86
		{FD69413E-BEC7-45A3-AF62-1E4A3EE21F74}.Ad-Hoc|x86.Deploy.0 = Release|x86
		{FD69413E-BEC7-45A3-AF62-1E4A3EE21F74}.AppStore|Any CPU.ActiveCfg = Release|x86
		{FD69413E-BEC7-45A3-AF62-1E4A3EE21F74}.AppStore|Any CPU.Build.0 = Release|x86
		{FD69413E-BEC7-45A3-AF62-1E4A3EE21F74}.AppStore|Any CPU.Deploy.0 = Release|x86
		{FD69413E-BEC7-45A3-AF62-1E4A3EE21F74}.AppStore|ARM.ActiveCfg = Release|ARM
		{FD69413E-BEC7-45A3-AF62-1E4A3EE21F74}.AppStore|ARM.Build.0 = Release|ARM
		{FD69413E-BEC7-45A3-AF62-1E4A3EE21F74}.AppStore|ARM.Deploy.0 = Release|ARM
		{FD69413E-BEC7-45A3-AF62-1E4A3EE21F74}.AppStore|iPhone.ActiveCfg = Release|x86
		{FD69413E-BEC7-45A3-AF62-1E4A3EE21F74}.AppStore|iPhone.Build.0 = Release|x86
		{FD69413E-BEC7-45A3-AF62-1E4A3EE21F74}.AppStore|iPhone.Deploy.0 = Release|x86
		{FD69413E-BEC7-45A3-AF62-1E4A3EE21F74}.AppStore|iPhoneSimulator.ActiveCfg = Release|x86
		{FD69413E-BEC7-45A3-AF62-1E4A3EE21F74}.AppStore|iPhoneSimulator.Build.0 = Release|x86
		{FD69413E-BEC7-45A3-AF62-1E4A3EE21F74}.AppStore|iPhoneSimulator.Deploy.0 = Release|x86
		{FD69413E-BEC7-45A3-AF62-1E4A3EE21F74}.AppStore|x64.ActiveCfg = Release|x64
		{FD69413E-BEC7-45A3-AF62-1E4A3EE21F74}.AppStore|x64.Build.0 = Release|x64
		{FD69413E-BEC7-45A3-AF62-1E4A3EE21F74}.AppStore|x64.Deploy.0 = Release|x64
		{FD69413E-BEC7-45A3-AF62-1E4A3EE21F74}.AppStore|x86.ActiveCfg = Release|x86
		{FD69413E-BEC7-45A3-AF62-1E4A3EE21F74}.AppStore|x86.Build.0 = Release|x86
		{FD69413E-BEC7-45A3-AF62-1E4A3EE21F74}.AppStore|x86.Deploy.0 = Release|x86
		{FD69413E-BEC7-45A3-AF62-1E4A3EE21F74}.Debug|Any CPU.ActiveCfg = Debug|x86
		{FD69413E-BEC7-45A3-AF62-1E4A3EE21F74}.Debug|Any CPU.Build.0 = Debug|x86
		{FD69413E-BEC7-45A3-AF62-1E4A3EE21F74}.Debug|Any CPU.Deploy.0 = Debug|x86
		{FD69413E-BEC7-45A3-AF62-1E4A3EE21F74}.Debug|ARM.ActiveCfg = Debug|ARM
		{FD69413E-BEC7-45A3-AF62-1E4A3EE21F74}.Debug|ARM.Build.0 = Debug|ARM
		{FD69413E-BEC7-45A3-AF62-1E4A3EE21F74}.Debug|ARM.Deploy.0 = Debug|ARM
		{FD69413E-BEC7-45A3-AF62-1E4A3EE21F74}.Debug|iPhone.ActiveCfg = Debug|x86
		{FD69413E-BEC7-45A3-AF62-1E4A3EE21F74}.Debug|iPhoneSimulator.ActiveCfg = Debug|x86
		{FD69413E-BEC7-45A3-AF62-1E4A3EE21F74}.Debug|x64.ActiveCfg = Debug|x64
		{FD69413E-BEC7-45A3-AF62-1E4A3EE21F74}.Debug|x64.Build.0 = Debug|x64
		{FD69413E-BEC7-45A3-AF62-1E4A3EE21F74}.Debug|x64.Deploy.0 = Debug|x64
		{FD69413E-BEC7-45A3-AF62-1E4A3EE21F74}.Debug|x86.ActiveCfg = Debug|x86
		{FD69413E-BEC7-45A3-AF62-1E4A3EE21F74}.Debug|x86.Build.0 = Debug|x86
		{FD69413E-BEC7-45A3-AF62-1E4A3EE21F74}.Debug|x86.Deploy.0 = Debug|x86
		{FD69413E-BEC7-45A3-AF62-1E4A3EE21F74}.Release|Any CPU.ActiveCfg = Release|x86
		{FD69413E-BEC7-45A3-AF62-1E4A3EE21F74}.Release|ARM.ActiveCfg = Release|ARM
		{FD69413E-BEC7-45A3-AF62-1E4A3EE21F74}.Release|ARM.Build.0 = Release|ARM
		{FD69413E-BEC7-45A3-AF62-1E4A3EE21F74}.Release|ARM.Deploy.0 = Release|ARM
		{FD69413E-BEC7-45A3-AF62-1E4A3EE21F74}.Release|iPhone.ActiveCfg = Release|x86
		{FD69413E-BEC7-45A3-AF62-1E4A3EE21F74}.Release|iPhoneSimulator.ActiveCfg = Release|x86
		{FD69413E-BEC7-45A3-AF62-1E4A3EE21F74}.Release|x64.ActiveCfg = Release|x64
		{FD69413E-BEC7-45A3-AF62-1E4A3EE21F74}.Release|x64.Build.0 = Release|x64
		{FD69413E-BEC7-45A3-AF62-1E4A3EE21F74}.Release|x64.Deploy.0 = Release|x64
		{FD69413E-BEC7-45A3-AF62-1E4A3EE21F74}.Release|x86.ActiveCfg = Release|x86
		{FD69413E-BEC7-45A3-AF62-1E4A3EE21F74}.Release|x86.Build.0 = Release|x86
		{FD69413E-BEC7-45A3-AF62-1E4A3EE21F74}.Release|x86.Deploy.0 = Release|x86
	EndGlobalSection
	GlobalSection(SolutionProperties) = preSolution
		HideSolutionNode = FALSE
	EndGlobalSection
EndGlobal
